// !$*UTF8*$!
{
	archiveVersion = 1;
	classes = {
	};
	objectVersion = 46;
	objects = {

/* Begin PBXBuildFile section */
		F143625A1F0F24540023EDFD /* main.m in Sources */ = {isa = PBXBuildFile; fileRef = F14362591F0F24540023EDFD /* main.m */; };
		F143625D1F0F24540023EDFD /* AppDelegate.m in Sources */ = {isa = PBXBuildFile; fileRef = F143625C1F0F24540023EDFD /* AppDelegate.m */; };
		F14362601F0F24540023EDFD /* ViewController.m in Sources */ = {isa = PBXBuildFile; fileRef = F143625F1F0F24540023EDFD /* ViewController.m */; };
		F14362631F0F24540023EDFD /* Main.storyboard in Resources */ = {isa = PBXBuildFile; fileRef = F14362611F0F24540023EDFD /* Main.storyboard */; };
		F14362651F0F24540023EDFD /* Assets.xcassets in Resources */ = {isa = PBXBuildFile; fileRef = F14362641F0F24540023EDFD /* Assets.xcassets */; };
		F14362681F0F24540023EDFD /* LaunchScreen.storyboard in Resources */ = {isa = PBXBuildFile; fileRef = F14362661F0F24540023EDFD /* LaunchScreen.storyboard */; };
		F14362731F0F24550023EDFD /* DES_CBCTests.m in Sources */ = {isa = PBXBuildFile; fileRef = F14362721F0F24550023EDFD /* DES_CBCTests.m */; };
		F143627E1F0F24550023EDFD /* DES_CBCUITests.m in Sources */ = {isa = PBXBuildFile; fileRef = F143627D1F0F24550023EDFD /* DES_CBCUITests.m */; };
		F143628E1F0F25290023EDFD /* DesCBCEncrytionTool.m in Sources */ = {isa = PBXBuildFile; fileRef = F143628D1F0F25290023EDFD /* DesCBCEncrytionTool.m */; };
/* End PBXBuildFile section */

/* Begin PBXContainerItemProxy section */
		F143626F1F0F24550023EDFD /* PBXContainerItemProxy */ = {
			isa = PBXContainerItemProxy;
			containerPortal = F143624D1F0F24540023EDFD /* Project object */;
			proxyType = 1;
			remoteGlobalIDString = F14362541F0F24540023EDFD;
			remoteInfo = DES_CBC;
		};
		F143627A1F0F24550023EDFD /* PBXContainerItemProxy */ = {
			isa = PBXContainerItemProxy;
			containerPortal = F143624D1F0F24540023EDFD /* Project object */;
			proxyType = 1;
			remoteGlobalIDString = F14362541F0F24540023EDFD;
			remoteInfo = DES_CBC;
		};
/* End PBXContainerItemProxy section */

/* Begin PBXFileReference section */
		F14362551F0F24540023EDFD /* DES_CBC.app */ = {isa = PBXFileReference; explicitFileType = wrapper.application; includeInIndex = 0; path = DES_CBC.app; sourceTree = BUILT_PRODUCTS_DIR; };
		F14362591F0F24540023EDFD /* main.m */ = {isa = PBXFileReference; lastKnownFileType = sourcecode.c.objc; path = main.m; sourceTree = "<group>"; };
		F143625B1F0F24540023EDFD /* AppDelegate.h */ = {isa = PBXFileReference; lastKnownFileType = sourcecode.c.h; path = AppDelegate.h; sourceTree = "<group>"; };
		F143625C1F0F24540023EDFD /* AppDelegate.m */ = {isa = PBXFileReference; lastKnownFileType = sourcecode.c.objc; path = AppDelegate.m; sourceTree = "<group>"; };
		F143625E1F0F24540023EDFD /* ViewController.h */ = {isa = PBXFileReference; lastKnownFileType = sourcecode.c.h; path = ViewController.h; sourceTree = "<group>"; };
		F143625F1F0F24540023EDFD /* ViewController.m */ = {isa = PBXFileReference; lastKnownFileType = sourcecode.c.objc; path = ViewController.m; sourceTree = "<group>"; };
		F14362621F0F24540023EDFD /* Base */ = {isa = PBXFileReference; lastKnownFileType = file.storyboard; name = Base; path = Base.lproj/Main.storyboard; sourceTree = "<group>"; };
		F14362641F0F24540023EDFD /* Assets.xcassets */ = {isa = PBXFileReference; lastKnownFileType = folder.assetcatalog; path = Assets.xcassets; sourceTree = "<group>"; };
		F14362671F0F24540023EDFD /* Base */ = {isa = PBXFileReference; lastKnownFileType = file.storyboard; name = Base; path = Base.lproj/LaunchScreen.storyboard; sourceTree = "<group>"; };
		F14362691F0F24540023EDFD /* Info.plist */ = {isa = PBXFileReference; lastKnownFileType = text.plist.xml; path = Info.plist; sourceTree = "<group>"; };
		F143626E1F0F24550023EDFD /* DES_CBCTests.xctest */ = {isa = PBXFileReference; explicitFileType = wrapper.cfbundle; includeInIndex = 0; path = DES_CBCTests.xctest; sourceTree = BUILT_PRODUCTS_DIR; };
		F14362721F0F24550023EDFD /* DES_CBCTests.m */ = {isa = PBXFileReference; lastKnownFileType = sourcecode.c.objc; path = DES_CBCTests.m; sourceTree = "<group>"; };
		F14362741F0F24550023EDFD /* Info.plist */ = {isa = PBXFileReference; lastKnownFileType = text.plist.xml; path = Info.plist; sourceTree = "<group>"; };
		F14362791F0F24550023EDFD /* DES_CBCUITests.xctest */ = {isa = PBXFileReference; explicitFileType = wrapper.cfbundle; includeInIndex = 0; path = DES_CBCUITests.xctest; sourceTree = BUILT_PRODUCTS_DIR; };
		F143627D1F0F24550023EDFD /* DES_CBCUITests.m */ = {isa = PBXFileReference; lastKnownFileType = sourcecode.c.objc; path = DES_CBCUITests.m; sourceTree = "<group>"; };
		F143627F1F0F24550023EDFD /* Info.plist */ = {isa = PBXFileReference; lastKnownFileType = text.plist.xml; path = Info.plist; sourceTree = "<group>"; };
		F143628C1F0F25290023EDFD /* DesCBCEncrytionTool.h */ = {isa = PBXFileReference; fileEncoding = 4; lastKnownFileType = sourcecode.c.h; path = DesCBCEncrytionTool.h; sourceTree = "<group>"; };
		F143628D1F0F25290023EDFD /* DesCBCEncrytionTool.m */ = {isa = PBXFileReference; fileEncoding = 4; lastKnownFileType = sourcecode.c.objc; path = DesCBCEncrytionTool.m; sourceTree = "<group>"; };
/* End PBXFileReference section */

/* Begin PBXFrameworksBuildPhase section */
		F14362521F0F24540023EDFD /* Frameworks */ = {
			isa = PBXFrameworksBuildPhase;
			buildActionMask = 2147483647;
			files = (
			);
			runOnlyForDeploymentPostprocessing = 0;
		};
		F143626B1F0F24550023EDFD /* Frameworks */ = {
			isa = PBXFrameworksBuildPhase;
			buildActionMask = 2147483647;
			files = (
			);
			runOnlyForDeploymentPostprocessing = 0;
		};
		F14362761F0F24550023EDFD /* Frameworks */ = {
			isa = PBXFrameworksBuildPhase;
			buildActionMask = 2147483647;
			files = (
			);
			runOnlyForDeploymentPostprocessing = 0;
		};
/* End PBXFrameworksBuildPhase section */

/* Begin PBXGroup section */
		F143624C1F0F24540023EDFD = {
			isa = PBXGroup;
			children = (
				F14362571F0F24540023EDFD /* DES_CBC */,
				F14362711F0F24550023EDFD /* DES_CBCTests */,
				F143627C1F0F24550023EDFD /* DES_CBCUITests */,
				F14362561F0F24540023EDFD /* Products */,
			);
			sourceTree = "<group>";
		};
		F14362561F0F24540023EDFD /* Products */ = {
			isa = PBXGroup;
			children = (
				F14362551F0F24540023EDFD /* DES_CBC.app */,
				F143626E1F0F24550023EDFD /* DES_CBCTests.xctest */,
				F14362791F0F24550023EDFD /* DES_CBCUITests.xctest */,
			);
			name = Products;
			sourceTree = "<group>";
		};
		F14362571F0F24540023EDFD /* DES_CBC */ = {
			isa = PBXGroup;
			children = (
				F143628B1F0F24870023EDFD /* EncryptionTools */,
				F143625B1F0F24540023EDFD /* AppDelegate.h */,
				F143625C1F0F24540023EDFD /* AppDelegate.m */,
				F143625E1F0F24540023EDFD /* ViewController.h */,
				F143625F1F0F24540023EDFD /* ViewController.m */,
				F14362611F0F24540023EDFD /* Main.storyboard */,
				F14362641F0F24540023EDFD /* Assets.xcassets */,
				F14362661F0F24540023EDFD /* LaunchScreen.storyboard */,
				F14362691F0F24540023EDFD /* Info.plist */,
				F14362581F0F24540023EDFD /* Supporting Files */,
			);
			path = DES_CBC;
			sourceTree = "<group>";
		};
		F14362581F0F24540023EDFD /* Supporting Files */ = {
			isa = PBXGroup;
			children = (
				F14362591F0F24540023EDFD /* main.m */,
			);
			name = "Supporting Files";
			sourceTree = "<group>";
		};
		F14362711F0F24550023EDFD /* DES_CBCTests */ = {
			isa = PBXGroup;
			children = (
				F14362721F0F24550023EDFD /* DES_CBCTests.m */,
				F14362741F0F24550023EDFD /* Info.plist */,
			);
			path = DES_CBCTests;
			sourceTree = "<group>";
		};
		F143627C1F0F24550023EDFD /* DES_CBCUITests */ = {
			isa = PBXGroup;
			children = (
				F143627D1F0F24550023EDFD /* DES_CBCUITests.m */,
				F143627F1F0F24550023EDFD /* Info.plist */,
			);
			path = DES_CBCUITests;
			sourceTree = "<group>";
		};
		F143628B1F0F24870023EDFD /* EncryptionTools */ = {
			isa = PBXGroup;
			children = (
				F143628C1F0F25290023EDFD /* DesCBCEncrytionTool.h */,
				F143628D1F0F25290023EDFD /* DesCBCEncrytionTool.m */,
			);
			path = EncryptionTools;
			sourceTree = "<group>";
		};
/* End PBXGroup section */

/* Begin PBXNativeTarget section */
		F14362541F0F24540023EDFD /* DES_CBC */ = {
			isa = PBXNativeTarget;
			buildConfigurationList = F14362821F0F24550023EDFD /* Build configuration list for PBXNativeTarget "DES_CBC" */;
			buildPhases = (
				F14362511F0F24540023EDFD /* Sources */,
				F14362521F0F24540023EDFD /* Frameworks */,
				F14362531F0F24540023EDFD /* Resources */,
			);
			buildRules = (
			);
			dependencies = (
			);
			name = DES_CBC;
			productName = DES_CBC;
			productReference = F14362551F0F24540023EDFD /* DES_CBC.app */;
			productType = "com.apple.product-type.application";
		};
		F143626D1F0F24550023EDFD /* DES_CBCTests */ = {
			isa = PBXNativeTarget;
			buildConfigurationList = F14362851F0F24550023EDFD /* Build configuration list for PBXNativeTarget "DES_CBCTests" */;
			buildPhases = (
				F143626A1F0F24550023EDFD /* Sources */,
				F143626B1F0F24550023EDFD /* Frameworks */,
				F143626C1F0F24550023EDFD /* Resources */,
			);
			buildRules = (
			);
			dependencies = (
				F14362701F0F24550023EDFD /* PBXTargetDependency */,
			);
			name = DES_CBCTests;
			productName = DES_CBCTests;
			productReference = F143626E1F0F24550023EDFD /* DES_CBCTests.xctest */;
			productType = "com.apple.product-type.bundle.unit-test";
		};
		F14362781F0F24550023EDFD /* DES_CBCUITests */ = {
			isa = PBXNativeTarget;
			buildConfigurationList = F14362881F0F24550023EDFD /* Build configuration list for PBXNativeTarget "DES_CBCUITests" */;
			buildPhases = (
				F14362751F0F24550023EDFD /* Sources */,
				F14362761F0F24550023EDFD /* Frameworks */,
				F14362771F0F24550023EDFD /* Resources */,
			);
			buildRules = (
			);
			dependencies = (
				F143627B1F0F24550023EDFD /* PBXTargetDependency */,
			);
			name = DES_CBCUITests;
			productName = DES_CBCUITests;
			productReference = F14362791F0F24550023EDFD /* DES_CBCUITests.xctest */;
			productType = "com.apple.product-type.bundle.ui-testing";
		};
/* End PBXNativeTarget section */

/* Begin PBXProject section */
		F143624D1F0F24540023EDFD /* Project object */ = {
			isa = PBXProject;
			attributes = {
				LastUpgradeCheck = 0830;
				ORGANIZATIONNAME = xwj;
				TargetAttributes = {
					F14362541F0F24540023EDFD = {
						CreatedOnToolsVersion = 8.3.2;
						ProvisioningStyle = Automatic;
					};
					F143626D1F0F24550023EDFD = {
						CreatedOnToolsVersion = 8.3.2;
						ProvisioningStyle = Automatic;
						TestTargetID = F14362541F0F24540023EDFD;
					};
					F14362781F0F24550023EDFD = {
						CreatedOnToolsVersion = 8.3.2;
						ProvisioningStyle = Automatic;
						TestTargetID = F14362541F0F24540023EDFD;
					};
				};
			};
			buildConfigurationList = F14362501F0F24540023EDFD /* Build configuration list for PBXProject "DES_CBC" */;
			compatibilityVersion = "Xcode 3.2";
			developmentRegion = English;
			hasScannedForEncodings = 0;
			knownRegions = (
				en,
				Base,
			);
			mainGroup = F143624C1F0F24540023EDFD;
			productRefGroup = F14362561F0F24540023EDFD /* Products */;
			projectDirPath = "";
			projectRoot = "";
			targets = (
				F14362541F0F24540023EDFD /* DES_CBC */,
				F143626D1F0F24550023EDFD /* DES_CBCTests */,
				F14362781F0F24550023EDFD /* DES_CBCUITests */,
			);
		};
/* End PBXProject section */

/* Begin PBXResourcesBuildPhase section */
		F14362531F0F24540023EDFD /* Resources */ = {
			isa = PBXResourcesBuildPhase;
			buildActionMask = 2147483647;
			files = (
				F14362681F0F24540023EDFD /* LaunchScreen.storyboard in Resources */,
				F14362651F0F24540023EDFD /* Assets.xcassets in Resources */,
				F14362631F0F24540023EDFD /* Main.storyboard in Resources */,
			);
			runOnlyForDeploymentPostprocessing = 0;
		};
		F143626C1F0F24550023EDFD /* Resources */ = {
			isa = PBXResourcesBuildPhase;
			buildActionMask = 2147483647;
			files = (
			);
			runOnlyForDeploymentPostprocessing = 0;
		};
		F14362771F0F24550023EDFD /* Resources */ = {
			isa = PBXResourcesBuildPhase;
			buildActionMask = 2147483647;
			files = (
			);
			runOnlyForDeploymentPostprocessing = 0;
		};
/* End PBXResourcesBuildPhase section */

/* Begin PBXSourcesBuildPhase section */
		F14362511F0F24540023EDFD /* Sources */ = {
			isa = PBXSourcesBuildPhase;
			buildActionMask = 2147483647;
			files = (
				F14362601F0F24540023EDFD /* ViewController.m in Sources */,
				F143628E1F0F25290023EDFD /* DesCBCEncrytionTool.m in Sources */,
				F143625D1F0F24540023EDFD /* AppDelegate.m in Sources */,
				F143625A1F0F24540023EDFD /* main.m in Sources */,
			);
			runOnlyForDeploymentPostprocessing = 0;
		};
		F143626A1F0F24550023EDFD /* Sources */ = {
			isa = PBXSourcesBuildPhase;
			buildActionMask = 2147483647;
			files = (
				F14362731F0F24550023EDFD /* DES_CBCTests.m in Sources */,
			);
			runOnlyForDeploymentPostprocessing = 0;
		};
		F14362751F0F24550023EDFD /* Sources */ = {
			isa = PBXSourcesBuildPhase;
			buildActionMask = 2147483647;
			files = (
				F143627E1F0F24550023EDFD /* DES_CBCUITests.m in Sources */,
			);
			runOnlyForDeploymentPostprocessing = 0;
		};
/* End PBXSourcesBuildPhase section */

/* Begin PBXTargetDependency section */
		F14362701F0F24550023EDFD /* PBXTargetDependency */ = {
			isa = PBXTargetDependency;
			target = F14362541F0F24540023EDFD /* DES_CBC */;
			targetProxy = F143626F1F0F24550023EDFD /* PBXContainerItemProxy */;
		};
		F143627B1F0F24550023EDFD /* PBXTargetDependency */ = {
			isa = PBXTargetDependency;
			target = F14362541F0F24540023EDFD /* DES_CBC */;
			targetProxy = F143627A1F0F24550023EDFD /* PBXContainerItemProxy */;
		};
/* End PBXTargetDependency section */

/* Begin PBXVariantGroup section */
		F14362611F0F24540023EDFD /* Main.storyboard */ = {
			isa = PBXVariantGroup;
			children = (
				F14362621F0F24540023EDFD /* Base */,
			);
			name = Main.storyboard;
			sourceTree = "<group>";
		};
		F14362661F0F24540023EDFD /* LaunchScreen.storyboard */ = {
			isa = PBXVariantGroup;
			children = (
				F14362671F0F24540023EDFD /* Base */,
			);
			name = LaunchScreen.storyboard;
			sourceTree = "<group>";
		};
/* End PBXVariantGroup section */

/* Begin XCBuildConfiguration section */
		F14362801F0F24550023EDFD /* Debug */ = {
			isa = XCBuildConfiguration;
			buildSettings = {
				ALWAYS_SEARCH_USER_PATHS = NO;
				CLANG_ANALYZER_NONNULL = YES;
				CLANG_ANALYZER_NUMBER_OBJECT_CONVERSION = YES_AGGRESSIVE;
				CLANG_CXX_LANGUAGE_STANDARD = "gnu++0x";
				CLANG_CXX_LIBRARY = "libc++";
				CLANG_ENABLE_MODULES = YES;
				CLANG_ENABLE_OBJC_ARC = YES;
				CLANG_WARN_BOOL_CONVERSION = YES;
				CLANG_WARN_CONSTANT_CONVERSION = YES;
				CLANG_WARN_DIRECT_OBJC_ISA_USAGE = YES_ERROR;
				CLANG_WARN_DOCUMENTATION_COMMENTS = YES;
				CLANG_WARN_EMPTY_BODY = YES;
				CLANG_WARN_ENUM_CONVERSION = YES;
				CLANG_WARN_INFINITE_RECURSION = YES;
				CLANG_WARN_INT_CONVERSION = YES;
				CLANG_WARN_OBJC_ROOT_CLASS = YES_ERROR;
				CLANG_WARN_SUSPICIOUS_MOVE = YES;
				CLANG_WARN_UNREACHABLE_CODE = YES;
				CLANG_WARN__DUPLICATE_METHOD_MATCH = YES;
				"CODE_SIGN_IDENTITY[sdk=iphoneos*]" = "iPhone Developer";
				COPY_PHASE_STRIP = NO;
				DEBUG_INFORMATION_FORMAT = dwarf;
				ENABLE_STRICT_OBJC_MSGSEND = YES;
				ENABLE_TESTABILITY = YES;
				GCC_C_LANGUAGE_STANDARD = gnu99;
				GCC_DYNAMIC_NO_PIC = NO;
				GCC_NO_COMMON_BLOCKS = YES;
				GCC_OPTIMIZATION_LEVEL = 0;
				GCC_PREPROCESSOR_DEFINITIONS = (
					"DEBUG=1",
					"$(inherited)",
				);
				GCC_WARN_64_TO_32_BIT_CONVERSION = YES;
				GCC_WARN_ABOUT_RETURN_TYPE = YES_ERROR;
				GCC_WARN_UNDECLARED_SELECTOR = YES;
				GCC_WARN_UNINITIALIZED_AUTOS = YES_AGGRESSIVE;
				GCC_WARN_UNUSED_FUNCTION = YES;
				GCC_WARN_UNUSED_VARIABLE = YES;
				IPHONEOS_DEPLOYMENT_TARGET = 10.3;
				MTL_ENABLE_DEBUG_INFO = YES;
				ONLY_ACTIVE_ARCH = YES;
				SDKROOT = iphoneos;
				TARGETED_DEVICE_FAMILY = "1,2";
			};
			name = Debug;
		};
		F14362811F0F24550023EDFD /* Release */ = {
			isa = XCBuildConfiguration;
			buildSettings = {
				ALWAYS_SEARCH_USER_PATHS = NO;
				CLANG_ANALYZER_NONNULL = YES;
				CLANG_ANALYZER_NUMBER_OBJECT_CONVERSION = YES_AGGRESSIVE;
				CLANG_CXX_LANGUAGE_STANDARD = "gnu++0x";
				CLANG_CXX_LIBRARY = "libc++";
				CLANG_ENABLE_MODULES = YES;
				CLANG_ENABLE_OBJC_ARC = YES;
				CLANG_WARN_BOOL_CONVERSION = YES;
				CLANG_WARN_CONSTANT_CONVERSION = YES;
				CLANG_WARN_DIRECT_OBJC_ISA_USAGE = YES_ERROR;
				CLANG_WARN_DOCUMENTATION_COMMENTS = YES;
				CLANG_WARN_EMPTY_BODY = YES;
				CLANG_WARN_ENUM_CONVERSION = YES;
				CLANG_WARN_INFINITE_RECURSION = YES;
				CLANG_WARN_INT_CONVERSION = YES;
				CLANG_WARN_OBJC_ROOT_CLASS = YES_ERROR;
				CLANG_WARN_SUSPICIOUS_MOVE = YES;
				CLANG_WARN_UNREACHABLE_CODE = YES;
				CLANG_WARN__DUPLICATE_METHOD_MATCH = YES;
				"CODE_SIGN_IDENTITY[sdk=iphoneos*]" = "iPhone Developer";
				COPY_PHASE_STRIP = NO;
				DEBUG_INFORMATION_FORMAT = "dwarf-with-dsym";
				ENABLE_NS_ASSERTIONS = NO;
				ENABLE_STRICT_OBJC_MSGSEND = YES;
				GCC_C_LANGUAGE_STANDARD = gnu99;
				GCC_NO_COMMON_BLOCKS = YES;
				GCC_WARN_64_TO_32_BIT_CONVERSION = YES;
				GCC_WARN_ABOUT_RETURN_TYPE = YES_ERROR;
				GCC_WARN_UNDECLARED_SELECTOR = YES;
				GCC_WARN_UNINITIALIZED_AUTOS = YES_AGGRESSIVE;
				GCC_WARN_UNUSED_FUNCTION = YES;
				GCC_WARN_UNUSED_VARIABLE = YES;
				IPHONEOS_DEPLOYMENT_TARGET = 10.3;
				MTL_ENABLE_DEBUG_INFO = NO;
				SDKROOT = iphoneos;
				TARGETED_DEVICE_FAMILY = "1,2";
				VALIDATE_PRODUCT = YES;
			};
			name = Release;
		};
		F14362831F0F24550023EDFD /* Debug */ = {
			isa = XCBuildConfiguration;
			buildSettings = {
				ASSETCATALOG_COMPILER_APPICON_NAME = AppIcon;
				INFOPLIST_FILE = DES_CBC/Info.plist;
				LD_RUNPATH_SEARCH_PATHS = "$(inherited) @executable_path/Frameworks";
				PRODUCT_BUNDLE_IDENTIFIER = "com.DES-CBC";
				PRODUCT_NAME = "$(TARGET_NAME)";
			};
			name = Debug;
		};
		F14362841F0F24550023EDFD /* Release */ = {
			isa = XCBuildConfiguration;
			buildSettings = {
				ASSETCATALOG_COMPILER_APPICON_NAME = AppIcon;
				INFOPLIST_FILE = DES_CBC/Info.plist;
				LD_RUNPATH_SEARCH_PATHS = "$(inherited) @executable_path/Frameworks";
				PRODUCT_BUNDLE_IDENTIFIER = "com.DES-CBC";
				PRODUCT_NAME = "$(TARGET_NAME)";
			};
			name = Release;
		};
		F14362861F0F24550023EDFD /* Debug */ = {
			isa = XCBuildConfiguration;
			buildSettings = {
				BUNDLE_LOADER = "$(TEST_HOST)";
				INFOPLIST_FILE = DES_CBCTests/Info.plist;
				LD_RUNPATH_SEARCH_PATHS = "$(inherited) @executable_path/Frameworks @loader_path/Frameworks";
				PRODUCT_BUNDLE_IDENTIFIER = "com.DES-CBCTests";
				PRODUCT_NAME = "$(TARGET_NAME)";
				TEST_HOST = "$(BUILT_PRODUCTS_DIR)/DES_CBC.app/DES_CBC";
			};
			name = Debug;
		};
		F14362871F0F24550023EDFD /* Release */ = {
			isa = XCBuildConfiguration;
			buildSettings = {
				BUNDLE_LOADER = "$(TEST_HOST)";
				INFOPLIST_FILE = DES_CBCTests/Info.plist;
				LD_RUNPATH_SEARCH_PATHS = "$(inherited) @executable_path/Frameworks @loader_path/Frameworks";
				PRODUCT_BUNDLE_IDENTIFIER = "com.DES-CBCTests";
				PRODUCT_NAME = "$(TARGET_NAME)";
				TEST_HOST = "$(BUILT_PRODUCTS_DIR)/DES_CBC.app/DES_CBC";
			};
			name = Release;
		};
		F14362891F0F24550023EDFD /* Debug */ = {
			isa = XCBuildConfiguration;
			buildSettings = {
				INFOPLIST_FILE = DES_CBCUITests/Info.plist;
				LD_RUNPATH_SEARCH_PATHS = "$(inherited) @executable_path/Frameworks @loader_path/Frameworks";
				PRODUCT_BUNDLE_IDENTIFIER = "com.DES-CBCUITests";
				PRODUCT_NAME = "$(TARGET_NAME)";
				TEST_TARGET_NAME = DES_CBC;
			};
			name = Debug;
		};
		F143628A1F0F24550023EDFD /* Release */ = {
			isa = XCBuildConfiguration;
			buildSettings = {
				INFOPLIST_FILE = DES_CBCUITests/Info.plist;
				LD_RUNPATH_SEARCH_PATHS = "$(inherited) @executable_path/Frameworks @loader_path/Frameworks";
				PRODUCT_BUNDLE_IDENTIFIER = "com.DES-CBCUITests";
				PRODUCT_NAME = "$(TARGET_NAME)";
				TEST_TARGET_NAME = DES_CBC;
			};
			name = Release;
		};
/* End XCBuildConfiguration section */

/* Begin XCConfigurationList section */
		F14362501F0F24540023EDFD /* Build configuration list for PBXProject "DES_CBC" */ = {
			isa = XCConfigurationList;
			buildConfigurations = (
				F14362801F0F24550023EDFD /* Debug */,
				F14362811F0F24550023EDFD /* Release */,
			);
			defaultConfigurationIsVisible = 0;
			defaultConfigurationName = Release;
		};
		F14362821F0F24550023EDFD /* Build configuration list for PBXNativeTarget "DES_CBC" */ = {
			isa = XCConfigurationList;
			buildConfigurations = (
				F14362831F0F24550023EDFD /* Debug */,
				F14362841F0F24550023EDFD /* Release */,
			);
			defaultConfigurationIsVisible = 0;
		};
		F14362851F0F24550023EDFD /* Build configuration list for PBXNativeTarget "DES_CBCTests" */ = {
			isa = XCConfigurationList;
			buildConfigurations = (
				F14362861F0F24550023EDFD /* Debug */,
				F14362871F0F24550023EDFD /* Release */,
			);
			defaultConfigurationIsVisible = 0;
		};
		F14362881F0F24550023EDFD /* Build configuration list for PBXNativeTarget "DES_CBCUITests" */ = {
			isa = XCConfigurationList;
			buildConfigurations = (
				F14362891F0F24550023EDFD /* Debug */,
				F143628A1F0F24550023EDFD /* Release */,
			);
			defaultConfigurationIsVisible = 0;
		};
/* End XCConfigurationList section */
	};
	rootObject = F143624D1F0F24540023EDFD /* Project object */;
}
